
Microsoft Visual Studio Solution File, Format Version 12.00
# Visual Studio Version 16
VisualStudioVersion = 16.0.29613.14
MinimumVisualStudioVersion = 10.0.40219.1
Project("{9A19103F-16F7-4668-BE54-9A1E7A4F7556}") = "Model", "Model\Model.csproj", "{15BFA296-943E-4D24-9BB1-31C85391B946}"
EndProject
Global
	GlobalSection(SolutionConfigurationPlatforms) = preSolution
		Debug|Any CPU = Debug|Any CPU
		Release|Any CPU = Release|Any CPU
	EndGlobalSection
	GlobalSection(ProjectConfigurationPlatforms) = postSolution
		{15BFA296-943E-4D24-9BB1-31C85391B946}.Debug|Any CPU.ActiveCfg = Debug|Any CPU
		{15BFA296-943E-4D24-9BB1-31C85391B946}.Debug|Any CPU.Build.0 = Debug|Any CPU
		{15BFA296-943E-4D24-9BB1-31C85391B946}.Release|Any CPU.ActiveCfg = Release|Any CPU
		{15BFA296-943E-4D24-9BB1-31C85391B946}.Release|Any CPU.Build.0 = Release|Any CPU
	EndGlobalSection
	GlobalSection(SolutionProperties) = preSolution
		HideSolutionNode = FALSE
	EndGlobalSection
	GlobalSection(ExtensibilityGlobals) = postSolution
		SolutionGuid = {1E6818DA-8B06-4209-9688-4ACBD3E843D8}
	EndGlobalSection
EndGlobal
